// !$*UTF8*$!
{
	archiveVersion = 1;
	classes = {
	};
	objectVersion = 51;
	objects = {

/* Begin PBXBuildFile section */
		025B6D85CC3603E8BC4B124B /* Pods_MusicBank_MusicBankUITests.framework in Frameworks */ = {isa = PBXBuildFile; fileRef = 2982A8003D6DB241726DFD82 /* Pods_MusicBank_MusicBankUITests.framework */; };
		2868F71926085B0C00110F54 /* API.swift in Sources */ = {isa = PBXBuildFile; fileRef = 2868F71826085B0C00110F54 /* API.swift */; };
		2868F71F26085C8200110F54 /* MusicBankModel.swift in Sources */ = {isa = PBXBuildFile; fileRef = 2868F71E26085C8200110F54 /* MusicBankModel.swift */; };
		2868F7C12608740200110F54 /* ToolSectionController.swift in Sources */ = {isa = PBXBuildFile; fileRef = 2868F7C02608740200110F54 /* ToolSectionController.swift */; };
		2868F7CC2608753700110F54 /* ToolCell.swift in Sources */ = {isa = PBXBuildFile; fileRef = 2868F7CA2608753700110F54 /* ToolCell.swift */; };
		2868F7CD2608753700110F54 /* ToolCell.xib in Resources */ = {isa = PBXBuildFile; fileRef = 2868F7CB2608753700110F54 /* ToolCell.xib */; };
		2868F7DC2608851900110F54 /* ToolItemCell.swift in Sources */ = {isa = PBXBuildFile; fileRef = 2868F7DA2608851900110F54 /* ToolItemCell.swift */; };
		2868F7DD2608851900110F54 /* ToolItemCell.xib in Resources */ = {isa = PBXBuildFile; fileRef = 2868F7DB2608851900110F54 /* ToolItemCell.xib */; };
		2868F7E52608861800110F54 /* ToolItemSectionController.swift in Sources */ = {isa = PBXBuildFile; fileRef = 2868F7E42608861800110F54 /* ToolItemSectionController.swift */; };
		2869B924260B0F2B00D58AAA /* LogInfo.swift in Sources */ = {isa = PBXBuildFile; fileRef = 2869B923260B0F2B00D58AAA /* LogInfo.swift */; };
		2869B929260B12EF00D58AAA /* UIStoryboard+Extension.swift in Sources */ = {isa = PBXBuildFile; fileRef = 2869B928260B12EF00D58AAA /* UIStoryboard+Extension.swift */; };
		2888C23925FC65FF00E6BB34 /* AppDelegate.swift in Sources */ = {isa = PBXBuildFile; fileRef = 2888C23825FC65FF00E6BB34 /* AppDelegate.swift */; };
		2888C23B25FC65FF00E6BB34 /* SceneDelegate.swift in Sources */ = {isa = PBXBuildFile; fileRef = 2888C23A25FC65FF00E6BB34 /* SceneDelegate.swift */; };
		2888C24025FC65FF00E6BB34 /* Main.storyboard in Resources */ = {isa = PBXBuildFile; fileRef = 2888C23E25FC65FF00E6BB34 /* Main.storyboard */; };
		2888C24225FC660300E6BB34 /* Assets.xcassets in Resources */ = {isa = PBXBuildFile; fileRef = 2888C24125FC660300E6BB34 /* Assets.xcassets */; };
		2888C24525FC660300E6BB34 /* LaunchScreen.storyboard in Resources */ = {isa = PBXBuildFile; fileRef = 2888C24325FC660300E6BB34 /* LaunchScreen.storyboard */; };
		2888C25025FC660300E6BB34 /* MusicBankTests.swift in Sources */ = {isa = PBXBuildFile; fileRef = 2888C24F25FC660300E6BB34 /* MusicBankTests.swift */; };
		2888C25B25FC660300E6BB34 /* MusicBankUITests.swift in Sources */ = {isa = PBXBuildFile; fileRef = 2888C25A25FC660300E6BB34 /* MusicBankUITests.swift */; };
		2888C26C25FC664A00E6BB34 /* MusicBankViewController.swift in Sources */ = {isa = PBXBuildFile; fileRef = 2888C26B25FC664A00E6BB34 /* MusicBankViewController.swift */; };
		2888C27425FC666F00E6BB34 /* MusicBankTabBarController.swift in Sources */ = {isa = PBXBuildFile; fileRef = 2888C27325FC666F00E6BB34 /* MusicBankTabBarController.swift */; };
		2888C27925FC669A00E6BB34 /* MusicBankNavigationController.swift in Sources */ = {isa = PBXBuildFile; fileRef = 2888C27825FC669A00E6BB34 /* MusicBankNavigationController.swift */; };
		2888C27E25FC66B700E6BB34 /* MusicBankTableViewCell.swift in Sources */ = {isa = PBXBuildFile; fileRef = 2888C27D25FC66B700E6BB34 /* MusicBankTableViewCell.swift */; };
		2888C28425FC675C00E6BB34 /* MusicBankFindViewController.swift in Sources */ = {isa = PBXBuildFile; fileRef = 2888C28325FC675C00E6BB34 /* MusicBankFindViewController.swift */; };
		2888C29725FC680300E6BB34 /* MusicBankSearchViewController.swift in Sources */ = {isa = PBXBuildFile; fileRef = 2888C29625FC680300E6BB34 /* MusicBankSearchViewController.swift */; };
		2888C29C25FC68B100E6BB34 /* MusicBankMineViewController.swift in Sources */ = {isa = PBXBuildFile; fileRef = 2888C29B25FC68B100E6BB34 /* MusicBankMineViewController.swift */; };
		2888C2A125FC69AE00E6BB34 /* Find.storyboard in Resources */ = {isa = PBXBuildFile; fileRef = 2888C2A025FC69AE00E6BB34 /* Find.storyboard */; };
		2888C2A925FC6A2500E6BB34 /* Mine.storyboard in Resources */ = {isa = PBXBuildFile; fileRef = 2888C2A825FC6A2500E6BB34 /* Mine.storyboard */; };
		2888C2B125FC8C6000E6BB34 /* MusicBankPlayerViewController.swift in Sources */ = {isa = PBXBuildFile; fileRef = 2888C2B025FC8C6000E6BB34 /* MusicBankPlayerViewController.swift */; };
		2888C2B725FC8CAB00E6BB34 /* UIImage+Extension.swift in Sources */ = {isa = PBXBuildFile; fileRef = 2888C2B625FC8CAB00E6BB34 /* UIImage+Extension.swift */; };
		2888C2BF25FC8CD400E6BB34 /* UIColor+Extension.swift in Sources */ = {isa = PBXBuildFile; fileRef = 2888C2BE25FC8CD400E6BB34 /* UIColor+Extension.swift */; };
		2888C2C425FC8F0E00E6BB34 /* MusicBankError.swift in Sources */ = {isa = PBXBuildFile; fileRef = 2888C2C325FC8F0E00E6BB34 /* MusicBankError.swift */; };
		2888C2C925FC901200E6BB34 /* Data+Extension.swift in Sources */ = {isa = PBXBuildFile; fileRef = 2888C2C825FC901200E6BB34 /* Data+Extension.swift */; };
		2888C2CE25FC902300E6BB34 /* String+Extension.swift in Sources */ = {isa = PBXBuildFile; fileRef = 2888C2CD25FC902300E6BB34 /* String+Extension.swift */; };
		2888C2D325FC906400E6BB34 /* Permission.swift in Sources */ = {isa = PBXBuildFile; fileRef = 2888C2D225FC906400E6BB34 /* Permission.swift */; };
		2888C2D825FC907800E6BB34 /* Bundle+Extension.swift in Sources */ = {isa = PBXBuildFile; fileRef = 2888C2D725FC907800E6BB34 /* Bundle+Extension.swift */; };
		2E32FEC4260A2934009C1CD0 /* MusicBankPlayableCommand.swift in Sources */ = {isa = PBXBuildFile; fileRef = 2E32FEC3260A2934009C1CD0 /* MusicBankPlayableCommand.swift */; };
		2E32FEC9260A2986009C1CD0 /* MusicBankPlayableError.swift in Sources */ = {isa = PBXBuildFile; fileRef = 2E32FEC8260A2986009C1CD0 /* MusicBankPlayableError.swift */; };
		2E32FECE260A29C4009C1CD0 /* MusicBankPlayableMetadata.swift in Sources */ = {isa = PBXBuildFile; fileRef = 2E32FECD260A29C4009C1CD0 /* MusicBankPlayableMetadata.swift */; };
		2E32FED3260A29FF009C1CD0 /* MusicBankPlayer.swift in Sources */ = {isa = PBXBuildFile; fileRef = 2E32FED2260A29FF009C1CD0 /* MusicBankPlayer.swift */; };
		2E32FEDB260A2BB6009C1CD0 /* MusicBankPlayable.swift in Sources */ = {isa = PBXBuildFile; fileRef = 2E32FEDA260A2BB6009C1CD0 /* MusicBankPlayable.swift */; };
		2E32FEE0260A2C37009C1CD0 /* MusicBankAssetPlayer.swift in Sources */ = {isa = PBXBuildFile; fileRef = 2E32FEDF260A2C37009C1CD0 /* MusicBankAssetPlayer.swift */; };
		2E32FEE8260A2D5E009C1CD0 /* MusicBankSongModel.swift in Sources */ = {isa = PBXBuildFile; fileRef = 2E32FEE7260A2D5E009C1CD0 /* MusicBankSongModel.swift */; };
		2E92993A2608D20F006AB6C3 /* MusicBankSongCell.swift in Sources */ = {isa = PBXBuildFile; fileRef = 2E9299382608D20F006AB6C3 /* MusicBankSongCell.swift */; };
		2E92993B2608D20F006AB6C3 /* MusicBankSongCell.xib in Resources */ = {isa = PBXBuildFile; fileRef = 2E9299392608D20F006AB6C3 /* MusicBankSongCell.xib */; };
		2E9299442608D304006AB6C3 /* MusicBankAuthorCell.swift in Sources */ = {isa = PBXBuildFile; fileRef = 2E9299422608D304006AB6C3 /* MusicBankAuthorCell.swift */; };
		2E9299452608D304006AB6C3 /* MusicBankAuthorCell.xib in Resources */ = {isa = PBXBuildFile; fileRef = 2E9299432608D304006AB6C3 /* MusicBankAuthorCell.xib */; };
		2E92994B2608D32D006AB6C3 /* MusicBankAlbumCell.swift in Sources */ = {isa = PBXBuildFile; fileRef = 2E9299492608D32D006AB6C3 /* MusicBankAlbumCell.swift */; };
		2E92994C2608D32D006AB6C3 /* MusicBankAlbumCell.xib in Resources */ = {isa = PBXBuildFile; fileRef = 2E92994A2608D32D006AB6C3 /* MusicBankAlbumCell.xib */; };
		2E92995B2608E0E3006AB6C3 /* MusicBankAlbumImageCell.swift in Sources */ = {isa = PBXBuildFile; fileRef = 2E9299592608E0E3006AB6C3 /* MusicBankAlbumImageCell.swift */; };
		2E92995C2608E0E3006AB6C3 /* MusicBankAlbumImageCell.xib in Resources */ = {isa = PBXBuildFile; fileRef = 2E92995A2608E0E3006AB6C3 /* MusicBankAlbumImageCell.xib */; };
		2E92997E2608E890006AB6C3 /* MusicBankSongListHeaderCell.swift in Sources */ = {isa = PBXBuildFile; fileRef = 2E92997C2608E890006AB6C3 /* MusicBankSongListHeaderCell.swift */; };
		2E92997F2608E890006AB6C3 /* MusicBankSongListHeaderCell.xib in Resources */ = {isa = PBXBuildFile; fileRef = 2E92997D2608E890006AB6C3 /* MusicBankSongListHeaderCell.xib */; };
		ACA7ABA6C589A55E7B68A7D7 /* Pods_MusicBankTests.framework in Frameworks */ = {isa = PBXBuildFile; fileRef = C9B40F3122BE795A6D267BE7 /* Pods_MusicBankTests.framework */; };
		D4E7B19986A1F090DC7C0D24 /* Pods_MusicBank.framework in Frameworks */ = {isa = PBXBuildFile; fileRef = D28317DB812D020F2F00249D /* Pods_MusicBank.framework */; };
/* End PBXBuildFile section */

/* Begin PBXContainerItemProxy section */
		2888C24C25FC660300E6BB34 /* PBXContainerItemProxy */ = {
			isa = PBXContainerItemProxy;
			containerPortal = 2888C22D25FC65FF00E6BB34 /* Project object */;
			proxyType = 1;
			remoteGlobalIDString = 2888C23425FC65FF00E6BB34;
			remoteInfo = MusicBank;
		};
		2888C25725FC660300E6BB34 /* PBXContainerItemProxy */ = {
			isa = PBXContainerItemProxy;
			containerPortal = 2888C22D25FC65FF00E6BB34 /* Project object */;
			proxyType = 1;
			remoteGlobalIDString = 2888C23425FC65FF00E6BB34;
			remoteInfo = MusicBank;
		};
/* End PBXContainerItemProxy section */

/* Begin PBXFileReference section */
		2868F71826085B0C00110F54 /* API.swift */ = {isa = PBXFileReference; lastKnownFileType = sourcecode.swift; path = API.swift; sourceTree = "<group>"; };
		2868F71E26085C8200110F54 /* MusicBankModel.swift */ = {isa = PBXFileReference; lastKnownFileType = sourcecode.swift; path = MusicBankModel.swift; sourceTree = "<group>"; };
		2868F7C02608740200110F54 /* ToolSectionController.swift */ = {isa = PBXFileReference; lastKnownFileType = sourcecode.swift; path = ToolSectionController.swift; sourceTree = "<group>"; };
		2868F7CA2608753700110F54 /* ToolCell.swift */ = {isa = PBXFileReference; lastKnownFileType = sourcecode.swift; path = ToolCell.swift; sourceTree = "<group>"; };
		2868F7CB2608753700110F54 /* ToolCell.xib */ = {isa = PBXFileReference; lastKnownFileType = file.xib; path = ToolCell.xib; sourceTree = "<group>"; };
		2868F7DA2608851900110F54 /* ToolItemCell.swift */ = {isa = PBXFileReference; lastKnownFileType = sourcecode.swift; path = ToolItemCell.swift; sourceTree = "<group>"; };
		2868F7DB2608851900110F54 /* ToolItemCell.xib */ = {isa = PBXFileReference; lastKnownFileType = file.xib; path = ToolItemCell.xib; sourceTree = "<group>"; };
		2868F7E42608861800110F54 /* ToolItemSectionController.swift */ = {isa = PBXFileReference; lastKnownFileType = sourcecode.swift; path = ToolItemSectionController.swift; sourceTree = "<group>"; };
		2869B923260B0F2B00D58AAA /* LogInfo.swift */ = {isa = PBXFileReference; fileEncoding = 4; lastKnownFileType = sourcecode.swift; path = LogInfo.swift; sourceTree = "<group>"; };
		2869B928260B12EF00D58AAA /* UIStoryboard+Extension.swift */ = {isa = PBXFileReference; lastKnownFileType = sourcecode.swift; path = "UIStoryboard+Extension.swift"; sourceTree = "<group>"; };
		2888C23525FC65FF00E6BB34 /* MusicBank.app */ = {isa = PBXFileReference; explicitFileType = wrapper.application; includeInIndex = 0; path = MusicBank.app; sourceTree = BUILT_PRODUCTS_DIR; };
		2888C23825FC65FF00E6BB34 /* AppDelegate.swift */ = {isa = PBXFileReference; lastKnownFileType = sourcecode.swift; path = AppDelegate.swift; sourceTree = "<group>"; };
		2888C23A25FC65FF00E6BB34 /* SceneDelegate.swift */ = {isa = PBXFileReference; lastKnownFileType = sourcecode.swift; path = SceneDelegate.swift; sourceTree = "<group>"; };
		2888C23F25FC65FF00E6BB34 /* Base */ = {isa = PBXFileReference; lastKnownFileType = file.storyboard; name = Base; path = Base.lproj/Main.storyboard; sourceTree = "<group>"; };
		2888C24125FC660300E6BB34 /* Assets.xcassets */ = {isa = PBXFileReference; lastKnownFileType = folder.assetcatalog; path = Assets.xcassets; sourceTree = "<group>"; };
		2888C24425FC660300E6BB34 /* Base */ = {isa = PBXFileReference; lastKnownFileType = file.storyboard; name = Base; path = Base.lproj/LaunchScreen.storyboard; sourceTree = "<group>"; };
		2888C24625FC660300E6BB34 /* Info.plist */ = {isa = PBXFileReference; lastKnownFileType = text.plist.xml; path = Info.plist; sourceTree = "<group>"; };
		2888C24B25FC660300E6BB34 /* MusicBankTests.xctest */ = {isa = PBXFileReference; explicitFileType = wrapper.cfbundle; includeInIndex = 0; path = MusicBankTests.xctest; sourceTree = BUILT_PRODUCTS_DIR; };
		2888C24F25FC660300E6BB34 /* MusicBankTests.swift */ = {isa = PBXFileReference; lastKnownFileType = sourcecode.swift; path = MusicBankTests.swift; sourceTree = "<group>"; };
		2888C25125FC660300E6BB34 /* Info.plist */ = {isa = PBXFileReference; lastKnownFileType = text.plist.xml; path = Info.plist; sourceTree = "<group>"; };
		2888C25625FC660300E6BB34 /* MusicBankUITests.xctest */ = {isa = PBXFileReference; explicitFileType = wrapper.cfbundle; includeInIndex = 0; path = MusicBankUITests.xctest; sourceTree = BUILT_PRODUCTS_DIR; };
		2888C25A25FC660300E6BB34 /* MusicBankUITests.swift */ = {isa = PBXFileReference; lastKnownFileType = sourcecode.swift; path = MusicBankUITests.swift; sourceTree = "<group>"; };
		2888C25C25FC660300E6BB34 /* Info.plist */ = {isa = PBXFileReference; lastKnownFileType = text.plist.xml; path = Info.plist; sourceTree = "<group>"; };
		2888C26B25FC664A00E6BB34 /* MusicBankViewController.swift */ = {isa = PBXFileReference; lastKnownFileType = sourcecode.swift; path = MusicBankViewController.swift; sourceTree = "<group>"; };
		2888C27325FC666F00E6BB34 /* MusicBankTabBarController.swift */ = {isa = PBXFileReference; lastKnownFileType = sourcecode.swift; path = MusicBankTabBarController.swift; sourceTree = "<group>"; };
		2888C27825FC669A00E6BB34 /* MusicBankNavigationController.swift */ = {isa = PBXFileReference; lastKnownFileType = sourcecode.swift; path = MusicBankNavigationController.swift; sourceTree = "<group>"; };
		2888C27D25FC66B700E6BB34 /* MusicBankTableViewCell.swift */ = {isa = PBXFileReference; lastKnownFileType = sourcecode.swift; path = MusicBankTableViewCell.swift; sourceTree = "<group>"; };
		2888C28325FC675C00E6BB34 /* MusicBankFindViewController.swift */ = {isa = PBXFileReference; lastKnownFileType = sourcecode.swift; path = MusicBankFindViewController.swift; sourceTree = "<group>"; };
		2888C29625FC680300E6BB34 /* MusicBankSearchViewController.swift */ = {isa = PBXFileReference; lastKnownFileType = sourcecode.swift; path = MusicBankSearchViewController.swift; sourceTree = "<group>"; };
		2888C29B25FC68B100E6BB34 /* MusicBankMineViewController.swift */ = {isa = PBXFileReference; lastKnownFileType = sourcecode.swift; path = MusicBankMineViewController.swift; sourceTree = "<group>"; };
		2888C2A025FC69AE00E6BB34 /* Find.storyboard */ = {isa = PBXFileReference; lastKnownFileType = file.storyboard; path = Find.storyboard; sourceTree = "<group>"; };
		2888C2A825FC6A2500E6BB34 /* Mine.storyboard */ = {isa = PBXFileReference; lastKnownFileType = file.storyboard; path = Mine.storyboard; sourceTree = "<group>"; };
		2888C2B025FC8C6000E6BB34 /* MusicBankPlayerViewController.swift */ = {isa = PBXFileReference; lastKnownFileType = sourcecode.swift; path = MusicBankPlayerViewController.swift; sourceTree = "<group>"; };
		2888C2B625FC8CAB00E6BB34 /* UIImage+Extension.swift */ = {isa = PBXFileReference; lastKnownFileType = sourcecode.swift; path = "UIImage+Extension.swift"; sourceTree = "<group>"; };
		2888C2BE25FC8CD400E6BB34 /* UIColor+Extension.swift */ = {isa = PBXFileReference; lastKnownFileType = sourcecode.swift; path = "UIColor+Extension.swift"; sourceTree = "<group>"; };
		2888C2C325FC8F0E00E6BB34 /* MusicBankError.swift */ = {isa = PBXFileReference; lastKnownFileType = sourcecode.swift; path = MusicBankError.swift; sourceTree = "<group>"; };
		2888C2C825FC901200E6BB34 /* Data+Extension.swift */ = {isa = PBXFileReference; fileEncoding = 4; lastKnownFileType = sourcecode.swift; path = "Data+Extension.swift"; sourceTree = "<group>"; };
		2888C2CD25FC902300E6BB34 /* String+Extension.swift */ = {isa = PBXFileReference; fileEncoding = 4; lastKnownFileType = sourcecode.swift; path = "String+Extension.swift"; sourceTree = "<group>"; };
		2888C2D225FC906400E6BB34 /* Permission.swift */ = {isa = PBXFileReference; fileEncoding = 4; lastKnownFileType = sourcecode.swift; path = Permission.swift; sourceTree = "<group>"; };
		2888C2D725FC907800E6BB34 /* Bundle+Extension.swift */ = {isa = PBXFileReference; fileEncoding = 4; lastKnownFileType = sourcecode.swift; path = "Bundle+Extension.swift"; sourceTree = "<group>"; };
		2982A8003D6DB241726DFD82 /* Pods_MusicBank_MusicBankUITests.framework */ = {isa = PBXFileReference; explicitFileType = wrapper.framework; includeInIndex = 0; path = Pods_MusicBank_MusicBankUITests.framework; sourceTree = BUILT_PRODUCTS_DIR; };
		2E32FEC3260A2934009C1CD0 /* MusicBankPlayableCommand.swift */ = {isa = PBXFileReference; lastKnownFileType = sourcecode.swift; path = MusicBankPlayableCommand.swift; sourceTree = "<group>"; };
		2E32FEC8260A2986009C1CD0 /* MusicBankPlayableError.swift */ = {isa = PBXFileReference; lastKnownFileType = sourcecode.swift; path = MusicBankPlayableError.swift; sourceTree = "<group>"; };
		2E32FECD260A29C4009C1CD0 /* MusicBankPlayableMetadata.swift */ = {isa = PBXFileReference; lastKnownFileType = sourcecode.swift; path = MusicBankPlayableMetadata.swift; sourceTree = "<group>"; };
		2E32FED2260A29FF009C1CD0 /* MusicBankPlayer.swift */ = {isa = PBXFileReference; lastKnownFileType = sourcecode.swift; path = MusicBankPlayer.swift; sourceTree = "<group>"; };
		2E32FEDA260A2BB6009C1CD0 /* MusicBankPlayable.swift */ = {isa = PBXFileReference; lastKnownFileType = sourcecode.swift; path = MusicBankPlayable.swift; sourceTree = "<group>"; };
		2E32FEDF260A2C37009C1CD0 /* MusicBankAssetPlayer.swift */ = {isa = PBXFileReference; lastKnownFileType = sourcecode.swift; path = MusicBankAssetPlayer.swift; sourceTree = "<group>"; };
		2E32FEE7260A2D5E009C1CD0 /* MusicBankSongModel.swift */ = {isa = PBXFileReference; lastKnownFileType = sourcecode.swift; path = MusicBankSongModel.swift; sourceTree = "<group>"; };
		2E9299382608D20F006AB6C3 /* MusicBankSongCell.swift */ = {isa = PBXFileReference; lastKnownFileType = sourcecode.swift; path = MusicBankSongCell.swift; sourceTree = "<group>"; };
		2E9299392608D20F006AB6C3 /* MusicBankSongCell.xib */ = {isa = PBXFileReference; lastKnownFileType = file.xib; path = MusicBankSongCell.xib; sourceTree = "<group>"; };
		2E9299422608D304006AB6C3 /* MusicBankAuthorCell.swift */ = {isa = PBXFileReference; lastKnownFileType = sourcecode.swift; path = MusicBankAuthorCell.swift; sourceTree = "<group>"; };
		2E9299432608D304006AB6C3 /* MusicBankAuthorCell.xib */ = {isa = PBXFileReference; lastKnownFileType = file.xib; path = MusicBankAuthorCell.xib; sourceTree = "<group>"; };
		2E9299492608D32D006AB6C3 /* MusicBankAlbumCell.swift */ = {isa = PBXFileReference; lastKnownFileType = sourcecode.swift; path = MusicBankAlbumCell.swift; sourceTree = "<group>"; };
		2E92994A2608D32D006AB6C3 /* MusicBankAlbumCell.xib */ = {isa = PBXFileReference; lastKnownFileType = file.xib; path = MusicBankAlbumCell.xib; sourceTree = "<group>"; };
		2E9299592608E0E3006AB6C3 /* MusicBankAlbumImageCell.swift */ = {isa = PBXFileReference; lastKnownFileType = sourcecode.swift; path = MusicBankAlbumImageCell.swift; sourceTree = "<group>"; };
		2E92995A2608E0E3006AB6C3 /* MusicBankAlbumImageCell.xib */ = {isa = PBXFileReference; lastKnownFileType = file.xib; path = MusicBankAlbumImageCell.xib; sourceTree = "<group>"; };
		2E92997C2608E890006AB6C3 /* MusicBankSongListHeaderCell.swift */ = {isa = PBXFileReference; lastKnownFileType = sourcecode.swift; path = MusicBankSongListHeaderCell.swift; sourceTree = "<group>"; };
		2E92997D2608E890006AB6C3 /* MusicBankSongListHeaderCell.xib */ = {isa = PBXFileReference; lastKnownFileType = file.xib; path = MusicBankSongListHeaderCell.xib; sourceTree = "<group>"; };
		2E9299832608E96A006AB6C3 /* README.md */ = {isa = PBXFileReference; lastKnownFileType = net.daringfireball.markdown; path = README.md; sourceTree = "<group>"; };
		389AA1B2340A109C44C9AD10 /* Pods-MusicBank-MusicBankUITests.debug.xcconfig */ = {isa = PBXFileReference; includeInIndex = 1; lastKnownFileType = text.xcconfig; name = "Pods-MusicBank-MusicBankUITests.debug.xcconfig"; path = "Target Support Files/Pods-MusicBank-MusicBankUITests/Pods-MusicBank-MusicBankUITests.debug.xcconfig"; sourceTree = "<group>"; };
		594688BBFF04CA7623B82930 /* Pods-MusicBank.debug.xcconfig */ = {isa = PBXFileReference; includeInIndex = 1; lastKnownFileType = text.xcconfig; name = "Pods-MusicBank.debug.xcconfig"; path = "Target Support Files/Pods-MusicBank/Pods-MusicBank.debug.xcconfig"; sourceTree = "<group>"; };
		85DC60B3B4F983293FD5EFE5 /* Pods-MusicBankTests.debug.xcconfig */ = {isa = PBXFileReference; includeInIndex = 1; lastKnownFileType = text.xcconfig; name = "Pods-MusicBankTests.debug.xcconfig"; path = "Target Support Files/Pods-MusicBankTests/Pods-MusicBankTests.debug.xcconfig"; sourceTree = "<group>"; };
		9DEFF72141269790AF34BC78 /* Pods-MusicBank-MusicBankUITests.release.xcconfig */ = {isa = PBXFileReference; includeInIndex = 1; lastKnownFileType = text.xcconfig; name = "Pods-MusicBank-MusicBankUITests.release.xcconfig"; path = "Target Support Files/Pods-MusicBank-MusicBankUITests/Pods-MusicBank-MusicBankUITests.release.xcconfig"; sourceTree = "<group>"; };
		C9B40F3122BE795A6D267BE7 /* Pods_MusicBankTests.framework */ = {isa = PBXFileReference; explicitFileType = wrapper.framework; includeInIndex = 0; path = Pods_MusicBankTests.framework; sourceTree = BUILT_PRODUCTS_DIR; };
		CCB588C3B02FB63CD1523295 /* Pods-MusicBank.release.xcconfig */ = {isa = PBXFileReference; includeInIndex = 1; lastKnownFileType = text.xcconfig; name = "Pods-MusicBank.release.xcconfig"; path = "Target Support Files/Pods-MusicBank/Pods-MusicBank.release.xcconfig"; sourceTree = "<group>"; };
		D28317DB812D020F2F00249D /* Pods_MusicBank.framework */ = {isa = PBXFileReference; explicitFileType = wrapper.framework; includeInIndex = 0; path = Pods_MusicBank.framework; sourceTree = BUILT_PRODUCTS_DIR; };
		E027129F9B281230B228F836 /* Pods-MusicBankTests.release.xcconfig */ = {isa = PBXFileReference; includeInIndex = 1; lastKnownFileType = text.xcconfig; name = "Pods-MusicBankTests.release.xcconfig"; path = "Target Support Files/Pods-MusicBankTests/Pods-MusicBankTests.release.xcconfig"; sourceTree = "<group>"; };
/* End PBXFileReference section */

/* Begin PBXFrameworksBuildPhase section */
		2888C23225FC65FF00E6BB34 /* Frameworks */ = {
			isa = PBXFrameworksBuildPhase;
			buildActionMask = 2147483647;
			files = (
				D4E7B19986A1F090DC7C0D24 /* Pods_MusicBank.framework in Frameworks */,
			);
			runOnlyForDeploymentPostprocessing = 0;
		};
		2888C24825FC660300E6BB34 /* Frameworks */ = {
			isa = PBXFrameworksBuildPhase;
			buildActionMask = 2147483647;
			files = (
				ACA7ABA6C589A55E7B68A7D7 /* Pods_MusicBankTests.framework in Frameworks */,
			);
			runOnlyForDeploymentPostprocessing = 0;
		};
		2888C25325FC660300E6BB34 /* Frameworks */ = {
			isa = PBXFrameworksBuildPhase;
			buildActionMask = 2147483647;
			files = (
				025B6D85CC3603E8BC4B124B /* Pods_MusicBank_MusicBankUITests.framework in Frameworks */,
			);
			runOnlyForDeploymentPostprocessing = 0;
		};
/* End PBXFrameworksBuildPhase section */

/* Begin PBXGroup section */
		235A631393CC01759210FC73 /* Frameworks */ = {
			isa = PBXGroup;
			children = (
				D28317DB812D020F2F00249D /* Pods_MusicBank.framework */,
				2982A8003D6DB241726DFD82 /* Pods_MusicBank_MusicBankUITests.framework */,
				C9B40F3122BE795A6D267BE7 /* Pods_MusicBankTests.framework */,
			);
			name = Frameworks;
			sourceTree = "<group>";
		};
		2868F71726085AFD00110F54 /* API */ = {
			isa = PBXGroup;
			children = (
				2868F71826085B0C00110F54 /* API.swift */,
			);
			name = API;
			sourceTree = "<group>";
		};
		2868F7C52608740A00110F54 /* SectionControllers */ = {
			isa = PBXGroup;
			children = (
				2868F7C92608750100110F54 /* Views */,
				2868F7C02608740200110F54 /* ToolSectionController.swift */,
				2868F7E42608861800110F54 /* ToolItemSectionController.swift */,
			);
			name = SectionControllers;
			sourceTree = "<group>";
		};
		2868F7C92608750100110F54 /* Views */ = {
			isa = PBXGroup;
			children = (
				2E9299382608D20F006AB6C3 /* MusicBankSongCell.swift */,
				2E9299392608D20F006AB6C3 /* MusicBankSongCell.xib */,
				2E9299422608D304006AB6C3 /* MusicBankAuthorCell.swift */,
				2E9299432608D304006AB6C3 /* MusicBankAuthorCell.xib */,
				2E9299492608D32D006AB6C3 /* MusicBankAlbumCell.swift */,
				2E92994A2608D32D006AB6C3 /* MusicBankAlbumCell.xib */,
				2E9299592608E0E3006AB6C3 /* MusicBankAlbumImageCell.swift */,
				2E92995A2608E0E3006AB6C3 /* MusicBankAlbumImageCell.xib */,
				2868F7CA2608753700110F54 /* ToolCell.swift */,
				2868F7CB2608753700110F54 /* ToolCell.xib */,
				2868F7DA2608851900110F54 /* ToolItemCell.swift */,
				2868F7DB2608851900110F54 /* ToolItemCell.xib */,
				2E92997C2608E890006AB6C3 /* MusicBankSongListHeaderCell.swift */,
				2E92997D2608E890006AB6C3 /* MusicBankSongListHeaderCell.xib */,
			);
			name = Views;
			sourceTree = "<group>";
		};
		2868F7F82608AA9D00110F54 /* Player */ = {
			isa = PBXGroup;
			children = (
				2E32FEDF260A2C37009C1CD0 /* MusicBankAssetPlayer.swift */,
				2E32FEC3260A2934009C1CD0 /* MusicBankPlayableCommand.swift */,
				2E32FEC8260A2986009C1CD0 /* MusicBankPlayableError.swift */,
				2E32FECD260A29C4009C1CD0 /* MusicBankPlayableMetadata.swift */,
				2E32FEDA260A2BB6009C1CD0 /* MusicBankPlayable.swift */,
				2E32FED2260A29FF009C1CD0 /* MusicBankPlayer.swift */,
				2E32FEE7260A2D5E009C1CD0 /* MusicBankSongModel.swift */,
			);
			name = Player;
			sourceTree = "<group>";
		};
		2869B919260B0E1A00D58AAA /* Resource */ = {
			isa = PBXGroup;
			children = (
				2888C23E25FC65FF00E6BB34 /* Main.storyboard */,
				2888C24125FC660300E6BB34 /* Assets.xcassets */,
				2888C24325FC660300E6BB34 /* LaunchScreen.storyboard */,
				2869B923260B0F2B00D58AAA /* LogInfo.swift */,
			);
			name = Resource;
			sourceTree = "<group>";
		};
		2888C22C25FC65FF00E6BB34 = {
			isa = PBXGroup;
			children = (
				2E9299832608E96A006AB6C3 /* README.md */,
				2888C23725FC65FF00E6BB34 /* MusicBank */,
				2888C24E25FC660300E6BB34 /* MusicBankTests */,
				2888C25925FC660300E6BB34 /* MusicBankUITests */,
				2888C23625FC65FF00E6BB34 /* Products */,
				83BF9B8A31FB0C77891EF7ED /* Pods */,
				235A631393CC01759210FC73 /* Frameworks */,
			);
			sourceTree = "<group>";
		};
		2888C23625FC65FF00E6BB34 /* Products */ = {
			isa = PBXGroup;
			children = (
				2888C23525FC65FF00E6BB34 /* MusicBank.app */,
				2888C24B25FC660300E6BB34 /* MusicBankTests.xctest */,
				2888C25625FC660300E6BB34 /* MusicBankUITests.xctest */,
			);
			name = Products;
			sourceTree = "<group>";
		};
		2888C23725FC65FF00E6BB34 /* MusicBank */ = {
			isa = PBXGroup;
			children = (
				2869B919260B0E1A00D58AAA /* Resource */,
				2868F7F82608AA9D00110F54 /* Player */,
				2868F71726085AFD00110F54 /* API */,
				2888C2B525FC8C8400E6BB34 /* Extensioin */,
				2888C29125FC677F00E6BB34 /* MusicBank(基类) */,
				2888C29225FC67AB00E6BB34 /* Mine(我的) */,
				2888C29025FC677700E6BB34 /* Find(发现) */,
				2888C23825FC65FF00E6BB34 /* AppDelegate.swift */,
				2888C23A25FC65FF00E6BB34 /* SceneDelegate.swift */,
				2888C24625FC660300E6BB34 /* Info.plist */,
			);
			path = MusicBank;
			sourceTree = "<group>";
		};
		2888C24E25FC660300E6BB34 /* MusicBankTests */ = {
			isa = PBXGroup;
			children = (
				2888C24F25FC660300E6BB34 /* MusicBankTests.swift */,
				2888C25125FC660300E6BB34 /* Info.plist */,
			);
			path = MusicBankTests;
			sourceTree = "<group>";
		};
		2888C25925FC660300E6BB34 /* MusicBankUITests */ = {
			isa = PBXGroup;
			children = (
				2888C25A25FC660300E6BB34 /* MusicBankUITests.swift */,
				2888C25C25FC660300E6BB34 /* Info.plist */,
			);
			path = MusicBankUITests;
			sourceTree = "<group>";
		};
		2888C29025FC677700E6BB34 /* Find(发现) */ = {
			isa = PBXGroup;
			children = (
				2868F7C52608740A00110F54 /* SectionControllers */,
				2888C2A025FC69AE00E6BB34 /* Find.storyboard */,
				2888C28325FC675C00E6BB34 /* MusicBankFindViewController.swift */,
				2888C29625FC680300E6BB34 /* MusicBankSearchViewController.swift */,
			);
			name = "Find(发现)";
			sourceTree = "<group>";
		};
		2888C29125FC677F00E6BB34 /* MusicBank(基类) */ = {
			isa = PBXGroup;
			children = (
				2888C26B25FC664A00E6BB34 /* MusicBankViewController.swift */,
				2888C27325FC666F00E6BB34 /* MusicBankTabBarController.swift */,
				2888C27825FC669A00E6BB34 /* MusicBankNavigationController.swift */,
				2888C27D25FC66B700E6BB34 /* MusicBankTableViewCell.swift */,
				2888C2C325FC8F0E00E6BB34 /* MusicBankError.swift */,
				2868F71E26085C8200110F54 /* MusicBankModel.swift */,
				2888C2B025FC8C6000E6BB34 /* MusicBankPlayerViewController.swift */,
			);
			name = "MusicBank(基类)";
			sourceTree = "<group>";
		};
		2888C29225FC67AB00E6BB34 /* Mine(我的) */ = {
			isa = PBXGroup;
			children = (
				2888C2A825FC6A2500E6BB34 /* Mine.storyboard */,
				2888C29B25FC68B100E6BB34 /* MusicBankMineViewController.swift */,
			);
			name = "Mine(我的)";
			sourceTree = "<group>";
		};
		2888C2B525FC8C8400E6BB34 /* Extensioin */ = {
			isa = PBXGroup;
			children = (
				2888C2B625FC8CAB00E6BB34 /* UIImage+Extension.swift */,
				2888C2BE25FC8CD400E6BB34 /* UIColor+Extension.swift */,
				2888C2C825FC901200E6BB34 /* Data+Extension.swift */,
				2888C2CD25FC902300E6BB34 /* String+Extension.swift */,
				2888C2D225FC906400E6BB34 /* Permission.swift */,
				2888C2D725FC907800E6BB34 /* Bundle+Extension.swift */,
				2869B928260B12EF00D58AAA /* UIStoryboard+Extension.swift */,
			);
			name = Extensioin;
			sourceTree = "<group>";
		};
		83BF9B8A31FB0C77891EF7ED /* Pods */ = {
			isa = PBXGroup;
			children = (
				594688BBFF04CA7623B82930 /* Pods-MusicBank.debug.xcconfig */,
				CCB588C3B02FB63CD1523295 /* Pods-MusicBank.release.xcconfig */,
				389AA1B2340A109C44C9AD10 /* Pods-MusicBank-MusicBankUITests.debug.xcconfig */,
				9DEFF72141269790AF34BC78 /* Pods-MusicBank-MusicBankUITests.release.xcconfig */,
				85DC60B3B4F983293FD5EFE5 /* Pods-MusicBankTests.debug.xcconfig */,
				E027129F9B281230B228F836 /* Pods-MusicBankTests.release.xcconfig */,
			);
			path = Pods;
			sourceTree = "<group>";
		};
/* End PBXGroup section */

/* Begin PBXNativeTarget section */
		2888C23425FC65FF00E6BB34 /* MusicBank */ = {
			isa = PBXNativeTarget;
			buildConfigurationList = 2888C25F25FC660300E6BB34 /* Build configuration list for PBXNativeTarget "MusicBank" */;
			buildPhases = (
				96EEB529541A9CC2017236B1 /* [CP] Check Pods Manifest.lock */,
				2888C23125FC65FF00E6BB34 /* Sources */,
				2888C23225FC65FF00E6BB34 /* Frameworks */,
				2888C23325FC65FF00E6BB34 /* Resources */,
				3AD7379576C8BB1DCE86A1B5 /* [CP] Embed Pods Frameworks */,
			);
			buildRules = (
			);
			dependencies = (
			);
			name = MusicBank;
			productName = MusicBank;
			productReference = 2888C23525FC65FF00E6BB34 /* MusicBank.app */;
			productType = "com.apple.product-type.application";
		};
		2888C24A25FC660300E6BB34 /* MusicBankTests */ = {
			isa = PBXNativeTarget;
			buildConfigurationList = 2888C26225FC660300E6BB34 /* Build configuration list for PBXNativeTarget "MusicBankTests" */;
			buildPhases = (
				AA1D2CC42A2863C79CC64B37 /* [CP] Check Pods Manifest.lock */,
				2888C24725FC660300E6BB34 /* Sources */,
				2888C24825FC660300E6BB34 /* Frameworks */,
				2888C24925FC660300E6BB34 /* Resources */,
			);
			buildRules = (
			);
			dependencies = (
				2888C24D25FC660300E6BB34 /* PBXTargetDependency */,
			);
			name = MusicBankTests;
			productName = MusicBankTests;
			productReference = 2888C24B25FC660300E6BB34 /* MusicBankTests.xctest */;
			productType = "com.apple.product-type.bundle.unit-test";
		};
		2888C25525FC660300E6BB34 /* MusicBankUITests */ = {
			isa = PBXNativeTarget;
			buildConfigurationList = 2888C26525FC660300E6BB34 /* Build configuration list for PBXNativeTarget "MusicBankUITests" */;
			buildPhases = (
				C011F97019D8289F3698D397 /* [CP] Check Pods Manifest.lock */,
				2888C25225FC660300E6BB34 /* Sources */,
				2888C25325FC660300E6BB34 /* Frameworks */,
				2888C25425FC660300E6BB34 /* Resources */,
				5D5672909843960738A6E6F1 /* [CP] Embed Pods Frameworks */,
			);
			buildRules = (
			);
			dependencies = (
				2888C25825FC660300E6BB34 /* PBXTargetDependency */,
			);
			name = MusicBankUITests;
			productName = MusicBankUITests;
			productReference = 2888C25625FC660300E6BB34 /* MusicBankUITests.xctest */;
			productType = "com.apple.product-type.bundle.ui-testing";
		};
/* End PBXNativeTarget section */

/* Begin PBXProject section */
		2888C22D25FC65FF00E6BB34 /* Project object */ = {
			isa = PBXProject;
			attributes = {
				CLASSPREFIX = MusicBank;
				LastSwiftUpdateCheck = 1230;
				LastUpgradeCheck = 1230;
				ORGANIZATIONNAME = onelact;
				TargetAttributes = {
					2888C23425FC65FF00E6BB34 = {
						CreatedOnToolsVersion = 12.3;
					};
					2888C24A25FC660300E6BB34 = {
						CreatedOnToolsVersion = 12.3;
						TestTargetID = 2888C23425FC65FF00E6BB34;
					};
					2888C25525FC660300E6BB34 = {
						CreatedOnToolsVersion = 12.3;
						TestTargetID = 2888C23425FC65FF00E6BB34;
					};
				};
			};
			buildConfigurationList = 2888C23025FC65FF00E6BB34 /* Build configuration list for PBXProject "MusicBank" */;
			compatibilityVersion = "Xcode 9.3";
			developmentRegion = en;
			hasScannedForEncodings = 0;
			knownRegions = (
				en,
				Base,
			);
			mainGroup = 2888C22C25FC65FF00E6BB34;
			productRefGroup = 2888C23625FC65FF00E6BB34 /* Products */;
			projectDirPath = "";
			projectRoot = "";
			targets = (
				2888C23425FC65FF00E6BB34 /* MusicBank */,
				2888C24A25FC660300E6BB34 /* MusicBankTests */,
				2888C25525FC660300E6BB34 /* MusicBankUITests */,
			);
		};
/* End PBXProject section */

/* Begin PBXResourcesBuildPhase section */
		2888C23325FC65FF00E6BB34 /* Resources */ = {
			isa = PBXResourcesBuildPhase;
			buildActionMask = 2147483647;
			files = (
				2888C24525FC660300E6BB34 /* LaunchScreen.storyboard in Resources */,
				2888C24225FC660300E6BB34 /* Assets.xcassets in Resources */,
				2E92993B2608D20F006AB6C3 /* MusicBankSongCell.xib in Resources */,
				2888C2A925FC6A2500E6BB34 /* Mine.storyboard in Resources */,
				2868F7DD2608851900110F54 /* ToolItemCell.xib in Resources */,
				2E92995C2608E0E3006AB6C3 /* MusicBankAlbumImageCell.xib in Resources */,
				2888C24025FC65FF00E6BB34 /* Main.storyboard in Resources */,
				2E9299452608D304006AB6C3 /* MusicBankAuthorCell.xib in Resources */,
				2E92994C2608D32D006AB6C3 /* MusicBankAlbumCell.xib in Resources */,
				2E92997F2608E890006AB6C3 /* MusicBankSongListHeaderCell.xib in Resources */,
				2868F7CD2608753700110F54 /* ToolCell.xib in Resources */,
				2888C2A125FC69AE00E6BB34 /* Find.storyboard in Resources */,
			);
			runOnlyForDeploymentPostprocessing = 0;
		};
		2888C24925FC660300E6BB34 /* Resources */ = {
			isa = PBXResourcesBuildPhase;
			buildActionMask = 2147483647;
			files = (
			);
			runOnlyForDeploymentPostprocessing = 0;
		};
		2888C25425FC660300E6BB34 /* Resources */ = {
			isa = PBXResourcesBuildPhase;
			buildActionMask = 2147483647;
			files = (
			);
			runOnlyForDeploymentPostprocessing = 0;
		};
/* End PBXResourcesBuildPhase section */

/* Begin PBXShellScriptBuildPhase section */
		3AD7379576C8BB1DCE86A1B5 /* [CP] Embed Pods Frameworks */ = {
			isa = PBXShellScriptBuildPhase;
			buildActionMask = 2147483647;
			files = (
			);
			inputFileListPaths = (
				"${PODS_ROOT}/Target Support Files/Pods-MusicBank/Pods-MusicBank-frameworks-${CONFIGURATION}-input-files.xcfilelist",
			);
			name = "[CP] Embed Pods Frameworks";
			outputFileListPaths = (
				"${PODS_ROOT}/Target Support Files/Pods-MusicBank/Pods-MusicBank-frameworks-${CONFIGURATION}-output-files.xcfilelist",
			);
			runOnlyForDeploymentPostprocessing = 0;
			shellPath = /bin/sh;
			shellScript = "\"${PODS_ROOT}/Target Support Files/Pods-MusicBank/Pods-MusicBank-frameworks.sh\"\n";
			showEnvVarsInLog = 0;
		};
		5D5672909843960738A6E6F1 /* [CP] Embed Pods Frameworks */ = {
			isa = PBXShellScriptBuildPhase;
			buildActionMask = 2147483647;
			files = (
			);
			inputFileListPaths = (
				"${PODS_ROOT}/Target Support Files/Pods-MusicBank-MusicBankUITests/Pods-MusicBank-MusicBankUITests-frameworks-${CONFIGURATION}-input-files.xcfilelist",
			);
			name = "[CP] Embed Pods Frameworks";
			outputFileListPaths = (
				"${PODS_ROOT}/Target Support Files/Pods-MusicBank-MusicBankUITests/Pods-MusicBank-MusicBankUITests-frameworks-${CONFIGURATION}-output-files.xcfilelist",
			);
			runOnlyForDeploymentPostprocessing = 0;
			shellPath = /bin/sh;
			shellScript = "\"${PODS_ROOT}/Target Support Files/Pods-MusicBank-MusicBankUITests/Pods-MusicBank-MusicBankUITests-frameworks.sh\"\n";
			showEnvVarsInLog = 0;
		};
		96EEB529541A9CC2017236B1 /* [CP] Check Pods Manifest.lock */ = {
			isa = PBXShellScriptBuildPhase;
			buildActionMask = 2147483647;
			files = (
			);
			inputFileListPaths = (
			);
			inputPaths = (
				"${PODS_PODFILE_DIR_PATH}/Podfile.lock",
				"${PODS_ROOT}/Manifest.lock",
			);
			name = "[CP] Check Pods Manifest.lock";
			outputFileListPaths = (
			);
			outputPaths = (
				"$(DERIVED_FILE_DIR)/Pods-MusicBank-checkManifestLockResult.txt",
			);
			runOnlyForDeploymentPostprocessing = 0;
			shellPath = /bin/sh;
			shellScript = "diff \"${PODS_PODFILE_DIR_PATH}/Podfile.lock\" \"${PODS_ROOT}/Manifest.lock\" > /dev/null\nif [ $? != 0 ] ; then\n    # print error to STDERR\n    echo \"error: The sandbox is not in sync with the Podfile.lock. Run 'pod install' or update your CocoaPods installation.\" >&2\n    exit 1\nfi\n# This output is used by Xcode 'outputs' to avoid re-running this script phase.\necho \"SUCCESS\" > \"${SCRIPT_OUTPUT_FILE_0}\"\n";
			showEnvVarsInLog = 0;
		};
		AA1D2CC42A2863C79CC64B37 /* [CP] Check Pods Manifest.lock */ = {
			isa = PBXShellScriptBuildPhase;
			buildActionMask = 2147483647;
			files = (
			);
			inputFileListPaths = (
			);
			inputPaths = (
				"${PODS_PODFILE_DIR_PATH}/Podfile.lock",
				"${PODS_ROOT}/Manifest.lock",
			);
			name = "[CP] Check Pods Manifest.lock";
			outputFileListPaths = (
			);
			outputPaths = (
				"$(DERIVED_FILE_DIR)/Pods-MusicBankTests-checkManifestLockResult.txt",
			);
			runOnlyForDeploymentPostprocessing = 0;
			shellPath = /bin/sh;
			shellScript = "diff \"${PODS_PODFILE_DIR_PATH}/Podfile.lock\" \"${PODS_ROOT}/Manifest.lock\" > /dev/null\nif [ $? != 0 ] ; then\n    # print error to STDERR\n    echo \"error: The sandbox is not in sync with the Podfile.lock. Run 'pod install' or update your CocoaPods installation.\" >&2\n    exit 1\nfi\n# This output is used by Xcode 'outputs' to avoid re-running this script phase.\necho \"SUCCESS\" > \"${SCRIPT_OUTPUT_FILE_0}\"\n";
			showEnvVarsInLog = 0;
		};
		C011F97019D8289F3698D397 /* [CP] Check Pods Manifest.lock */ = {
			isa = PBXShellScriptBuildPhase;
			buildActionMask = 2147483647;
			files = (
			);
			inputFileListPaths = (
			);
			inputPaths = (
				"${PODS_PODFILE_DIR_PATH}/Podfile.lock",
				"${PODS_ROOT}/Manifest.lock",
			);
			name = "[CP] Check Pods Manifest.lock";
			outputFileListPaths = (
			);
			outputPaths = (
				"$(DERIVED_FILE_DIR)/Pods-MusicBank-MusicBankUITests-checkManifestLockResult.txt",
			);
			runOnlyForDeploymentPostprocessing = 0;
			shellPath = /bin/sh;
			shellScript = "diff \"${PODS_PODFILE_DIR_PATH}/Podfile.lock\" \"${PODS_ROOT}/Manifest.lock\" > /dev/null\nif [ $? != 0 ] ; then\n    # print error to STDERR\n    echo \"error: The sandbox is not in sync with the Podfile.lock. Run 'pod install' or update your CocoaPods installation.\" >&2\n    exit 1\nfi\n# This output is used by Xcode 'outputs' to avoid re-running this script phase.\necho \"SUCCESS\" > \"${SCRIPT_OUTPUT_FILE_0}\"\n";
			showEnvVarsInLog = 0;
		};
/* End PBXShellScriptBuildPhase section */

/* Begin PBXSourcesBuildPhase section */
		2888C23125FC65FF00E6BB34 /* Sources */ = {
			isa = PBXSourcesBuildPhase;
			buildActionMask = 2147483647;
			files = (
				2888C2CE25FC902300E6BB34 /* String+Extension.swift in Sources */,
				2E32FEDB260A2BB6009C1CD0 /* MusicBankPlayable.swift in Sources */,
				2868F71926085B0C00110F54 /* API.swift in Sources */,
				2E32FECE260A29C4009C1CD0 /* MusicBankPlayableMetadata.swift in Sources */,
				2888C26C25FC664A00E6BB34 /* MusicBankViewController.swift in Sources */,
				2888C27925FC669A00E6BB34 /* MusicBankNavigationController.swift in Sources */,
				2869B924260B0F2B00D58AAA /* LogInfo.swift in Sources */,
				2E9299442608D304006AB6C3 /* MusicBankAuthorCell.swift in Sources */,
				2E32FEC4260A2934009C1CD0 /* MusicBankPlayableCommand.swift in Sources */,
				2888C2C925FC901200E6BB34 /* Data+Extension.swift in Sources */,
				2E32FEE0260A2C37009C1CD0 /* MusicBankAssetPlayer.swift in Sources */,
				2888C29725FC680300E6BB34 /* MusicBankSearchViewController.swift in Sources */,
				2868F7CC2608753700110F54 /* ToolCell.swift in Sources */,
				2E92993A2608D20F006AB6C3 /* MusicBankSongCell.swift in Sources */,
				2E92995B2608E0E3006AB6C3 /* MusicBankAlbumImageCell.swift in Sources */,
				2888C2B725FC8CAB00E6BB34 /* UIImage+Extension.swift in Sources */,
				2E32FEE8260A2D5E009C1CD0 /* MusicBankSongModel.swift in Sources */,
				2888C2D825FC907800E6BB34 /* Bundle+Extension.swift in Sources */,
				2888C28425FC675C00E6BB34 /* MusicBankFindViewController.swift in Sources */,
				2888C29C25FC68B100E6BB34 /* MusicBankMineViewController.swift in Sources */,
				2868F7C12608740200110F54 /* ToolSectionController.swift in Sources */,
				2E32FEC9260A2986009C1CD0 /* MusicBankPlayableError.swift in Sources */,
				2888C2B125FC8C6000E6BB34 /* MusicBankPlayerViewController.swift in Sources */,
				2868F7DC2608851900110F54 /* ToolItemCell.swift in Sources */,
				2869B929260B12EF00D58AAA /* UIStoryboard+Extension.swift in Sources */,
				2888C27425FC666F00E6BB34 /* MusicBankTabBarController.swift in Sources */,
				2E92994B2608D32D006AB6C3 /* MusicBankAlbumCell.swift in Sources */,
				2868F7E52608861800110F54 /* ToolItemSectionController.swift in Sources */,
				2868F71F26085C8200110F54 /* MusicBankModel.swift in Sources */,
				2888C23925FC65FF00E6BB34 /* AppDelegate.swift in Sources */,
				2888C2C425FC8F0E00E6BB34 /* MusicBankError.swift in Sources */,
				2E32FED3260A29FF009C1CD0 /* MusicBankPlayer.swift in Sources */,
				2888C2BF25FC8CD400E6BB34 /* UIColor+Extension.swift in Sources */,
				2E92997E2608E890006AB6C3 /* MusicBankSongListHeaderCell.swift in Sources */,
				2888C27E25FC66B700E6BB34 /* MusicBankTableViewCell.swift in Sources */,
				2888C2D325FC906400E6BB34 /* Permission.swift in Sources */,
				2888C23B25FC65FF00E6BB34 /* SceneDelegate.swift in Sources */,
			);
			runOnlyForDeploymentPostprocessing = 0;
		};
		2888C24725FC660300E6BB34 /* Sources */ = {
			isa = PBXSourcesBuildPhase;
			buildActionMask = 2147483647;
			files = (
				2888C25025FC660300E6BB34 /* MusicBankTests.swift in Sources */,
			);
			runOnlyForDeploymentPostprocessing = 0;
		};
		2888C25225FC660300E6BB34 /* Sources */ = {
			isa = PBXSourcesBuildPhase;
			buildActionMask = 2147483647;
			files = (
				2888C25B25FC660300E6BB34 /* MusicBankUITests.swift in Sources */,
			);
			runOnlyForDeploymentPostprocessing = 0;
		};
/* End PBXSourcesBuildPhase section */

/* Begin PBXTargetDependency section */
		2888C24D25FC660300E6BB34 /* PBXTargetDependency */ = {
			isa = PBXTargetDependency;
			target = 2888C23425FC65FF00E6BB34 /* MusicBank */;
			targetProxy = 2888C24C25FC660300E6BB34 /* PBXContainerItemProxy */;
		};
		2888C25825FC660300E6BB34 /* PBXTargetDependency */ = {
			isa = PBXTargetDependency;
			target = 2888C23425FC65FF00E6BB34 /* MusicBank */;
			targetProxy = 2888C25725FC660300E6BB34 /* PBXContainerItemProxy */;
		};
/* End PBXTargetDependency section */

/* Begin PBXVariantGroup section */
		2888C23E25FC65FF00E6BB34 /* Main.storyboard */ = {
			isa = PBXVariantGroup;
			children = (
				2888C23F25FC65FF00E6BB34 /* Base */,
			);
			name = Main.storyboard;
			sourceTree = "<group>";
		};
		2888C24325FC660300E6BB34 /* LaunchScreen.storyboard */ = {
			isa = PBXVariantGroup;
			children = (
				2888C24425FC660300E6BB34 /* Base */,
			);
			name = LaunchScreen.storyboard;
			sourceTree = "<group>";
		};
/* End PBXVariantGroup section */

/* Begin XCBuildConfiguration section */
		2888C25D25FC660300E6BB34 /* Debug */ = {
			isa = XCBuildConfiguration;
			buildSettings = {
				ALWAYS_SEARCH_USER_PATHS = NO;
				CLANG_ANALYZER_NONNULL = YES;
				CLANG_ANALYZER_NUMBER_OBJECT_CONVERSION = YES_AGGRESSIVE;
				CLANG_CXX_LANGUAGE_STANDARD = "gnu++14";
				CLANG_CXX_LIBRARY = "libc++";
				CLANG_ENABLE_MODULES = YES;
				CLANG_ENABLE_OBJC_ARC = YES;
				CLANG_ENABLE_OBJC_WEAK = YES;
				CLANG_WARN_BLOCK_CAPTURE_AUTORELEASING = YES;
				CLANG_WARN_BOOL_CONVERSION = YES;
				CLANG_WARN_COMMA = YES;
				CLANG_WARN_CONSTANT_CONVERSION = YES;
				CLANG_WARN_DEPRECATED_OBJC_IMPLEMENTATIONS = YES;
				CLANG_WARN_DIRECT_OBJC_ISA_USAGE = YES_ERROR;
				CLANG_WARN_DOCUMENTATION_COMMENTS = YES;
				CLANG_WARN_EMPTY_BODY = YES;
				CLANG_WARN_ENUM_CONVERSION = YES;
				CLANG_WARN_INFINITE_RECURSION = YES;
				CLANG_WARN_INT_CONVERSION = YES;
				CLANG_WARN_NON_LITERAL_NULL_CONVERSION = YES;
				CLANG_WARN_OBJC_IMPLICIT_RETAIN_SELF = YES;
				CLANG_WARN_OBJC_LITERAL_CONVERSION = YES;
				CLANG_WARN_OBJC_ROOT_CLASS = YES_ERROR;
				CLANG_WARN_QUOTED_INCLUDE_IN_FRAMEWORK_HEADER = YES;
				CLANG_WARN_RANGE_LOOP_ANALYSIS = YES;
				CLANG_WARN_STRICT_PROTOTYPES = YES;
				CLANG_WARN_SUSPICIOUS_MOVE = YES;
				CLANG_WARN_UNGUARDED_AVAILABILITY = YES_AGGRESSIVE;
				CLANG_WARN_UNREACHABLE_CODE = YES;
				CLANG_WARN__DUPLICATE_METHOD_MATCH = YES;
				COPY_PHASE_STRIP = NO;
				DEBUG_INFORMATION_FORMAT = dwarf;
				ENABLE_STRICT_OBJC_MSGSEND = YES;
				ENABLE_TESTABILITY = YES;
				GCC_C_LANGUAGE_STANDARD = gnu11;
				GCC_DYNAMIC_NO_PIC = NO;
				GCC_NO_COMMON_BLOCKS = YES;
				GCC_OPTIMIZATION_LEVEL = 0;
				GCC_PREPROCESSOR_DEFINITIONS = (
					"DEBUG=1",
					"$(inherited)",
				);
				GCC_WARN_64_TO_32_BIT_CONVERSION = YES;
				GCC_WARN_ABOUT_RETURN_TYPE = YES_ERROR;
				GCC_WARN_UNDECLARED_SELECTOR = YES;
				GCC_WARN_UNINITIALIZED_AUTOS = YES_AGGRESSIVE;
				GCC_WARN_UNUSED_FUNCTION = YES;
				GCC_WARN_UNUSED_VARIABLE = YES;
				IPHONEOS_DEPLOYMENT_TARGET = 14.3;
				MTL_ENABLE_DEBUG_INFO = INCLUDE_SOURCE;
				MTL_FAST_MATH = YES;
				ONLY_ACTIVE_ARCH = YES;
				SDKROOT = iphoneos;
				SWIFT_ACTIVE_COMPILATION_CONDITIONS = DEBUG;
				SWIFT_OPTIMIZATION_LEVEL = "-Onone";
			};
			name = Debug;
		};
		2888C25E25FC660300E6BB34 /* Release */ = {
			isa = XCBuildConfiguration;
			buildSettings = {
				ALWAYS_SEARCH_USER_PATHS = NO;
				CLANG_ANALYZER_NONNULL = YES;
				CLANG_ANALYZER_NUMBER_OBJECT_CONVERSION = YES_AGGRESSIVE;
				CLANG_CXX_LANGUAGE_STANDARD = "gnu++14";
				CLANG_CXX_LIBRARY = "libc++";
				CLANG_ENABLE_MODULES = YES;
				CLANG_ENABLE_OBJC_ARC = YES;
				CLANG_ENABLE_OBJC_WEAK = YES;
				CLANG_WARN_BLOCK_CAPTURE_AUTORELEASING = YES;
				CLANG_WARN_BOOL_CONVERSION = YES;
				CLANG_WARN_COMMA = YES;
				CLANG_WARN_CONSTANT_CONVERSION = YES;
				CLANG_WARN_DEPRECATED_OBJC_IMPLEMENTATIONS = YES;
				CLANG_WARN_DIRECT_OBJC_ISA_USAGE = YES_ERROR;
				CLANG_WARN_DOCUMENTATION_COMMENTS = YES;
				CLANG_WARN_EMPTY_BODY = YES;
				CLANG_WARN_ENUM_CONVERSION = YES;
				CLANG_WARN_INFINITE_RECURSION = YES;
				CLANG_WARN_INT_CONVERSION = YES;
				CLANG_WARN_NON_LITERAL_NULL_CONVERSION = YES;
				CLANG_WARN_OBJC_IMPLICIT_RETAIN_SELF = YES;
				CLANG_WARN_OBJC_LITERAL_CONVERSION = YES;
				CLANG_WARN_OBJC_ROOT_CLASS = YES_ERROR;
				CLANG_WARN_QUOTED_INCLUDE_IN_FRAMEWORK_HEADER = YES;
				CLANG_WARN_RANGE_LOOP_ANALYSIS = YES;
				CLANG_WARN_STRICT_PROTOTYPES = YES;
				CLANG_WARN_SUSPICIOUS_MOVE = YES;
				CLANG_WARN_UNGUARDED_AVAILABILITY = YES_AGGRESSIVE;
				CLANG_WARN_UNREACHABLE_CODE = YES;
				CLANG_WARN__DUPLICATE_METHOD_MATCH = YES;
				COPY_PHASE_STRIP = NO;
				DEBUG_INFORMATION_FORMAT = "dwarf-with-dsym";
				ENABLE_NS_ASSERTIONS = NO;
				ENABLE_STRICT_OBJC_MSGSEND = YES;
				GCC_C_LANGUAGE_STANDARD = gnu11;
				GCC_NO_COMMON_BLOCKS = YES;
				GCC_WARN_64_TO_32_BIT_CONVERSION = YES;
				GCC_WARN_ABOUT_RETURN_TYPE = YES_ERROR;
				GCC_WARN_UNDECLARED_SELECTOR = YES;
				GCC_WARN_UNINITIALIZED_AUTOS = YES_AGGRESSIVE;
				GCC_WARN_UNUSED_FUNCTION = YES;
				GCC_WARN_UNUSED_VARIABLE = YES;
				IPHONEOS_DEPLOYMENT_TARGET = 14.3;
				MTL_ENABLE_DEBUG_INFO = NO;
				MTL_FAST_MATH = YES;
				SDKROOT = iphoneos;
				SWIFT_COMPILATION_MODE = wholemodule;
				SWIFT_OPTIMIZATION_LEVEL = "-O";
				VALIDATE_PRODUCT = YES;
			};
			name = Release;
		};
		2888C26025FC660300E6BB34 /* Debug */ = {
			isa = XCBuildConfiguration;
			baseConfigurationReference = 594688BBFF04CA7623B82930 /* Pods-MusicBank.debug.xcconfig */;
			buildSettings = {
				ASSETCATALOG_COMPILER_APPICON_NAME = AppIcon;
				ASSETCATALOG_COMPILER_GLOBAL_ACCENT_COLOR_NAME = AccentColor;
				CODE_SIGN_STYLE = Automatic;
				DEVELOPMENT_TEAM = SRW54YFJJ3;
				INFOPLIST_FILE = MusicBank/Info.plist;
				IPHONEOS_DEPLOYMENT_TARGET = 13.0;
				LD_RUNPATH_SEARCH_PATHS = (
					"$(inherited)",
					"@executable_path/Frameworks",
				);
				PRODUCT_BUNDLE_IDENTIFIER = onelcat.github.io.MusicBank;
				PRODUCT_NAME = "$(TARGET_NAME)";
				SWIFT_VERSION = 5.0;
				TARGETED_DEVICE_FAMILY = "1,2";
			};
			name = Debug;
		};
		2888C26125FC660300E6BB34 /* Release */ = {
			isa = XCBuildConfiguration;
			baseConfigurationReference = CCB588C3B02FB63CD1523295 /* Pods-MusicBank.release.xcconfig */;
			buildSettings = {
				ASSETCATALOG_COMPILER_APPICON_NAME = AppIcon;
				ASSETCATALOG_COMPILER_GLOBAL_ACCENT_COLOR_NAME = AccentColor;
				CODE_SIGN_STYLE = Automatic;
				DEVELOPMENT_TEAM = SRW54YFJJ3;
				INFOPLIST_FILE = MusicBank/Info.plist;
				IPHONEOS_DEPLOYMENT_TARGET = 13.0;
				LD_RUNPATH_SEARCH_PATHS = (
					"$(inherited)",
					"@executable_path/Frameworks",
				);
				PRODUCT_BUNDLE_IDENTIFIER = onelcat.github.io.MusicBank;
				PRODUCT_NAME = "$(TARGET_NAME)";
				SWIFT_VERSION = 5.0;
				TARGETED_DEVICE_FAMILY = "1,2";
			};
			name = Release;
		};
		2888C26325FC660300E6BB34 /* Debug */ = {
			isa = XCBuildConfiguration;
			baseConfigurationReference = 85DC60B3B4F983293FD5EFE5 /* Pods-MusicBankTests.debug.xcconfig */;
			buildSettings = {
				ALWAYS_EMBED_SWIFT_STANDARD_LIBRARIES = YES;
				BUNDLE_LOADER = "$(TEST_HOST)";
				CODE_SIGN_STYLE = Automatic;
				DEVELOPMENT_TEAM = SRW54YFJJ3;
				INFOPLIST_FILE = MusicBankTests/Info.plist;
				IPHONEOS_DEPLOYMENT_TARGET = 14.3;
				LD_RUNPATH_SEARCH_PATHS = (
					"$(inherited)",
					"@executable_path/Frameworks",
					"@loader_path/Frameworks",
				);
				PRODUCT_BUNDLE_IDENTIFIER = onelcat.github.io.MusicBankTests;
				PRODUCT_NAME = "$(TARGET_NAME)";
				SWIFT_VERSION = 5.0;
				TARGETED_DEVICE_FAMILY = "1,2";
				TEST_HOST = "$(BUILT_PRODUCTS_DIR)/MusicBank.app/MusicBank";
			};
			name = Debug;
		};
		2888C26425FC660300E6BB34 /* Release */ = {
			isa = XCBuildConfiguration;
			baseConfigurationReference = E027129F9B281230B228F836 /* Pods-MusicBankTests.release.xcconfig */;
			buildSettings = {
				ALWAYS_EMBED_SWIFT_STANDARD_LIBRARIES = YES;
				BUNDLE_LOADER = "$(TEST_HOST)";
				CODE_SIGN_STYLE = Automatic;
				DEVELOPMENT_TEAM = SRW54YFJJ3;
				INFOPLIST_FILE = MusicBankTests/Info.plist;
				IPHONEOS_DEPLOYMENT_TARGET = 14.3;
				LD_RUNPATH_SEARCH_PATHS = (
					"$(inherited)",
					"@executable_path/Frameworks",
					"@loader_path/Frameworks",
				);
				PRODUCT_BUNDLE_IDENTIFIER = onelcat.github.io.MusicBankTests;
				PRODUCT_NAME = "$(TARGET_NAME)";
				SWIFT_VERSION = 5.0;
				TARGETED_DEVICE_FAMILY = "1,2";
				TEST_HOST = "$(BUILT_PRODUCTS_DIR)/MusicBank.app/MusicBank";
			};
			name = Release;
		};
		2888C26625FC660300E6BB34 /* Debug */ = {
			isa = XCBuildConfiguration;
			baseConfigurationReference = 389AA1B2340A109C44C9AD10 /* Pods-MusicBank-MusicBankUITests.debug.xcconfig */;
			buildSettings = {
				ALWAYS_EMBED_SWIFT_STANDARD_LIBRARIES = YES;
				CODE_SIGN_STYLE = Automatic;
				DEVELOPMENT_TEAM = SRW54YFJJ3;
				INFOPLIST_FILE = MusicBankUITests/Info.plist;
				LD_RUNPATH_SEARCH_PATHS = (
					"$(inherited)",
					"@executable_path/Frameworks",
					"@loader_path/Frameworks",
				);
				PRODUCT_BUNDLE_IDENTIFIER = onelcat.github.io.MusicBankUITests;
				PRODUCT_NAME = "$(TARGET_NAME)";
				SWIFT_VERSION = 5.0;
				TARGETED_DEVICE_FAMILY = "1,2";
				TEST_TARGET_NAME = MusicBank;
			};
			name = Debug;
		};
		2888C26725FC660300E6BB34 /* Release */ = {
			isa = XCBuildConfiguration;
			baseConfigurationReference = 9DEFF72141269790AF34BC78 /* Pods-MusicBank-MusicBankUITests.release.xcconfig */;
			buildSettings = {
				ALWAYS_EMBED_SWIFT_STANDARD_LIBRARIES = YES;
				CODE_SIGN_STYLE = Automatic;
				DEVELOPMENT_TEAM = SRW54YFJJ3;
				INFOPLIST_FILE = MusicBankUITests/Info.plist;
				LD_RUNPATH_SEARCH_PATHS = (
					"$(inherited)",
					"@executable_path/Frameworks",
					"@loader_path/Frameworks",
				);
				PRODUCT_BUNDLE_IDENTIFIER = onelcat.github.io.MusicBankUITests;
				PRODUCT_NAME = "$(TARGET_NAME)";
				SWIFT_VERSION = 5.0;
				TARGETED_DEVICE_FAMILY = "1,2";
				TEST_TARGET_NAME = MusicBank;
			};
			name = Release;
		};
/* End XCBuildConfiguration section */

/* Begin XCConfigurationList section */
		2888C23025FC65FF00E6BB34 /* Build configuration list for PBXProject "MusicBank" */ = {
			isa = XCConfigurationList;
			buildConfigurations = (
				2888C25D25FC660300E6BB34 /* Debug */,
				2888C25E25FC660300E6BB34 /* Release */,
			);
			defaultConfigurationIsVisible = 0;
			defaultConfigurationName = Release;
		};
		2888C25F25FC660300E6BB34 /* Build configuration list for PBXNativeTarget "MusicBank" */ = {
			isa = XCConfigurationList;
			buildConfigurations = (
				2888C26025FC660300E6BB34 /* Debug */,
				2888C26125FC660300E6BB34 /* Release */,
			);
			defaultConfigurationIsVisible = 0;
			defaultConfigurationName = Release;
		};
		2888C26225FC660300E6BB34 /* Build configuration list for PBXNativeTarget "MusicBankTests" */ = {
			isa = XCConfigurationList;
			buildConfigurations = (
				2888C26325FC660300E6BB34 /* Debug */,
				2888C26425FC660300E6BB34 /* Release */,
			);
			defaultConfigurationIsVisible = 0;
			defaultConfigurationName = Release;
		};
		2888C26525FC660300E6BB34 /* Build configuration list for PBXNativeTarget "MusicBankUITests" */ = {
			isa = XCConfigurationList;
			buildConfigurations = (
				2888C26625FC660300E6BB34 /* Debug */,
				2888C26725FC660300E6BB34 /* Release */,
			);
			defaultConfigurationIsVisible = 0;
			defaultConfigurationName = Release;
		};
/* End XCConfigurationList section */
	};
	rootObject = 2888C22D25FC65FF00E6BB34 /* Project object */;
}
